
Microsoft Visual Studio Solution File, Format Version 12.00
# Visual Studio 14
VisualStudioVersion = 14.0.25420.1
MinimumVisualStudioVersion = 10.0.40219.1
Project("{FAE04EC0-301F-11D3-BF4B-00C04F79EFBC}") = "00Basics", "00Basics\00Basics.csproj", "{E45FF765-0726-4F43-BE2F-430FEE40B1AF}"
EndProject
Project("{FAE04EC0-301F-11D3-BF4B-00C04F79EFBC}") = "01Basics", "01Basics\01Basics.csproj", "{2476E3EB-0D62-4146-BB8A-4309667BB4F5}"
EndProject
Project("{FAE04EC0-301F-11D3-BF4B-00C04F79EFBC}") = "02MathsLib", "02MathsLib\02MathsLib.csproj", "{DC54D9FF-E9F5-4024-8DF2-DA273E71F44E}"
EndProject
Project("{FAE04EC0-301F-11D3-BF4B-00C04F79EFBC}") = "03Basics", "03Basics\03Basics.csproj", "{AEF84BA6-7477-44C9-8D55-5F504FFF27FC}"
EndProject
Project("{FAE04EC0-301F-11D3-BF4B-00C04F79EFBC}") = "04Basics", "04Basics\04Basics.csproj", "{CD9EAB2B-57AD-4809-ACE2-B4BC186C7CD5}"
EndProject
Project("{FAE04EC0-301F-11D3-BF4B-00C04F79EFBC}") = "05Basics", "05Basics\05Basics.csproj", "{A0517E4B-0377-4459-B358-A3B858AD069C}"
EndProject
Project("{FAE04EC0-301F-11D3-BF4B-00C04F79EFBC}") = "06Basics", "06Basics\06Basics.csproj", "{2A2C323D-57AE-4809-A0B4-E03F5DD3BE1C}"
EndProject
Project("{FAE04EC0-301F-11D3-BF4B-00C04F79EFBC}") = "07BaseDrink", "07BaseDrink\07BaseDrink.csproj", "{EBA75871-9A41-43CF-8693-51908685DA19}"
EndProject
Project("{FAE04EC0-301F-11D3-BF4B-00C04F79EFBC}") = "HD", "HD\HD.csproj", "{888F3B18-BFB6-4D93-BA96-8B5D67DF3ED7}"
EndProject
Project("{FAE04EC0-301F-11D3-BF4B-00C04F79EFBC}") = "CD", "CD\CD.csproj", "{1F9A9BF6-E583-4C18-BCE7-F7B8FD7C17EA}"
EndProject
Project("{FAE04EC0-301F-11D3-BF4B-00C04F79EFBC}") = "08Basics", "08Basics\08Basics.csproj", "{4977103B-60FB-4AB8-94EB-BD7A7B570925}"
EndProject
Project("{FAE04EC0-301F-11D3-BF4B-00C04F79EFBC}") = "09Basics", "09Basics\09Basics.csproj", "{FA586AD3-8397-4E7F-8EFA-D157978BAA79}"
EndProject
Project("{FAE04EC0-301F-11D3-BF4B-00C04F79EFBC}") = "10Basic", "10Basic\10Basic.csproj", "{C2A708B9-CF08-4955-A8A9-780F1CE982AE}"
EndProject
Project("{FAE04EC0-301F-11D3-BF4B-00C04F79EFBC}") = "11StudentLib", "11StudentLib\11StudentLib.csproj", "{9102AD35-BE04-48A2-ACE5-10A90EC50F5E}"
EndProject
Project("{FAE04EC0-301F-11D3-BF4B-00C04F79EFBC}") = "11Basic", "11Basic\11Basic.csproj", "{0F19086C-3E06-4321-B25D-C8AA765B40B8}"
EndProject
Project("{FAE04EC0-301F-11D3-BF4B-00C04F79EFBC}") = "12Test", "12Test\12Test.csproj", "{2B892F22-932C-4E33-9CE9-840E9D2A1D0A}"
EndProject
Project("{FAE04EC0-301F-11D3-BF4B-00C04F79EFBC}") = "13Basics", "13Basics\13Basics.csproj", "{943565D0-495B-4899-8633-B1D697EE6436}"
EndProject
Project("{FAE04EC0-301F-11D3-BF4B-00C04F79EFBC}") = "14Basics", "14Basics\14Basics.csproj", "{37E994FB-5AC9-4D4E-97A5-14CAAFD5AF10}"
EndProject
Project("{FAE04EC0-301F-11D3-BF4B-00C04F79EFBC}") = "15FileIO", "15FileIO\15FileIO.csproj", "{AEC5F70F-7A25-46B0-A034-C606A68BAF6E}"
EndProject
Project("{FAE04EC0-301F-11D3-BF4B-00C04F79EFBC}") = "16Reflection", "16Reflection\16Reflection.csproj", "{5B1A491B-3AEB-43D0-8FB7-4C406660041D}"
EndProject
Project("{FAE04EC0-301F-11D3-BF4B-00C04F79EFBC}") = "17MyAttributes", "17MyAttributes\17MyAttributes.csproj", "{10B5DE18-323F-43C1-9802-F222DC99941F}"
EndProject
Project("{FAE04EC0-301F-11D3-BF4B-00C04F79EFBC}") = "18DataClasses", "18DataClasses\18DataClasses.csproj", "{4B9F6070-AFCF-4DB9-AEEE-ADA5A9AA57E2}"
EndProject
Project("{FAE04EC0-301F-11D3-BF4B-00C04F79EFBC}") = "19TestCollection", "19TestCollection\19TestCollection.csproj", "{9A2F4369-A0C9-4DDE-B158-46642B148051}"
EndProject
Project("{FAE04EC0-301F-11D3-BF4B-00C04F79EFBC}") = "20Reflection", "20Reflection\20Reflection.csproj", "{723AE8C0-8443-49FD-BCF5-849A4553F433}"
EndProject
Project("{FAE04EC0-301F-11D3-BF4B-00C04F79EFBC}") = "21Features", "21Features\21Features.csproj", "{EFDEF640-05A0-49EF-A925-9E907AB2AF67}"
EndProject
Project("{FAE04EC0-301F-11D3-BF4B-00C04F79EFBC}") = "22PartialDemo", "22PartialDemo\22PartialDemo.csproj", "{67FD8205-8D5E-4A21-BFB8-ACC3FD309D2F}"
EndProject
Project("{FAE04EC0-301F-11D3-BF4B-00C04F79EFBC}") = "23TestDB", "23TestDB\23TestDB.csproj", "{3EDD6415-39D6-43B4-957E-85D0438EFDD8}"
EndProject
Global
	GlobalSection(SolutionConfigurationPlatforms) = preSolution
		Debug|Any CPU = Debug|Any CPU
		Release|Any CPU = Release|Any CPU
	EndGlobalSection
	GlobalSection(ProjectConfigurationPlatforms) = postSolution
		{E45FF765-0726-4F43-BE2F-430FEE40B1AF}.Debug|Any CPU.ActiveCfg = Debug|Any CPU
		{E45FF765-0726-4F43-BE2F-430FEE40B1AF}.Debug|Any CPU.Build.0 = Debug|Any CPU
		{E45FF765-0726-4F43-BE2F-430FEE40B1AF}.Release|Any CPU.ActiveCfg = Release|Any CPU
		{E45FF765-0726-4F43-BE2F-430FEE40B1AF}.Release|Any CPU.Build.0 = Release|Any CPU
		{2476E3EB-0D62-4146-BB8A-4309667BB4F5}.Debug|Any CPU.ActiveCfg = Debug|Any CPU
		{2476E3EB-0D62-4146-BB8A-4309667BB4F5}.Debug|Any CPU.Build.0 = Debug|Any CPU
		{2476E3EB-0D62-4146-BB8A-4309667BB4F5}.Release|Any CPU.ActiveCfg = Release|Any CPU
		{2476E3EB-0D62-4146-BB8A-4309667BB4F5}.Release|Any CPU.Build.0 = Release|Any CPU
		{DC54D9FF-E9F5-4024-8DF2-DA273E71F44E}.Debug|Any CPU.ActiveCfg = Debug|Any CPU
		{DC54D9FF-E9F5-4024-8DF2-DA273E71F44E}.Debug|Any CPU.Build.0 = Debug|Any CPU
		{DC54D9FF-E9F5-4024-8DF2-DA273E71F44E}.Release|Any CPU.ActiveCfg = Release|Any CPU
		{DC54D9FF-E9F5-4024-8DF2-DA273E71F44E}.Release|Any CPU.Build.0 = Release|Any CPU
		{AEF84BA6-7477-44C9-8D55-5F504FFF27FC}.Debug|Any CPU.ActiveCfg = Debug|Any CPU
		{AEF84BA6-7477-44C9-8D55-5F504FFF27FC}.Debug|Any CPU.Build.0 = Debug|Any CPU
		{AEF84BA6-7477-44C9-8D55-5F504FFF27FC}.Release|Any CPU.ActiveCfg = Release|Any CPU
		{AEF84BA6-7477-44C9-8D55-5F504FFF27FC}.Release|Any CPU.Build.0 = Release|Any CPU
		{CD9EAB2B-57AD-4809-ACE2-B4BC186C7CD5}.Debug|Any CPU.ActiveCfg = Debug|Any CPU
		{CD9EAB2B-57AD-4809-ACE2-B4BC186C7CD5}.Debug|Any CPU.Build.0 = Debug|Any CPU
		{CD9EAB2B-57AD-4809-ACE2-B4BC186C7CD5}.Release|Any CPU.ActiveCfg = Release|Any CPU
		{CD9EAB2B-57AD-4809-ACE2-B4BC186C7CD5}.Release|Any CPU.Build.0 = Release|Any CPU
		{A0517E4B-0377-4459-B358-A3B858AD069C}.Debug|Any CPU.ActiveCfg = Debug|Any CPU
		{A0517E4B-0377-4459-B358-A3B858AD069C}.Debug|Any CPU.Build.0 = Debug|Any CPU
		{A0517E4B-0377-4459-B358-A3B858AD069C}.Release|Any CPU.ActiveCfg = Release|Any CPU
		{A0517E4B-0377-4459-B358-A3B858AD069C}.Release|Any CPU.Build.0 = Release|Any CPU
		{2A2C323D-57AE-4809-A0B4-E03F5DD3BE1C}.Debug|Any CPU.ActiveCfg = Debug|Any CPU
		{2A2C323D-57AE-4809-A0B4-E03F5DD3BE1C}.Debug|Any CPU.Build.0 = Debug|Any CPU
		{2A2C323D-57AE-4809-A0B4-E03F5DD3BE1C}.Release|Any CPU.ActiveCfg = Release|Any CPU
		{2A2C323D-57AE-4809-A0B4-E03F5DD3BE1C}.Release|Any CPU.Build.0 = Release|Any CPU
		{EBA75871-9A41-43CF-8693-51908685DA19}.Debug|Any CPU.ActiveCfg = Debug|Any CPU
		{EBA75871-9A41-43CF-8693-51908685DA19}.Debug|Any CPU.Build.0 = Debug|Any CPU
		{EBA75871-9A41-43CF-8693-51908685DA19}.Release|Any CPU.ActiveCfg = Release|Any CPU
		{EBA75871-9A41-43CF-8693-51908685DA19}.Release|Any CPU.Build.0 = Release|Any CPU
		{888F3B18-BFB6-4D93-BA96-8B5D67DF3ED7}.Debug|Any CPU.ActiveCfg = Debug|Any CPU
		{888F3B18-BFB6-4D93-BA96-8B5D67DF3ED7}.Debug|Any CPU.Build.0 = Debug|Any CPU
		{888F3B18-BFB6-4D93-BA96-8B5D67DF3ED7}.Release|Any CPU.ActiveCfg = Release|Any CPU
		{888F3B18-BFB6-4D93-BA96-8B5D67DF3ED7}.Release|Any CPU.Build.0 = Release|Any CPU
		{1F9A9BF6-E583-4C18-BCE7-F7B8FD7C17EA}.Debug|Any CPU.ActiveCfg = Debug|Any CPU
		{1F9A9BF6-E583-4C18-BCE7-F7B8FD7C17EA}.Debug|Any CPU.Build.0 = Debug|Any CPU
		{1F9A9BF6-E583-4C18-BCE7-F7B8FD7C17EA}.Release|Any CPU.ActiveCfg = Release|Any CPU
		{1F9A9BF6-E583-4C18-BCE7-F7B8FD7C17EA}.Release|Any CPU.Build.0 = Release|Any CPU
		{4977103B-60FB-4AB8-94EB-BD7A7B570925}.Debug|Any CPU.ActiveCfg = Debug|Any CPU
		{4977103B-60FB-4AB8-94EB-BD7A7B570925}.Debug|Any CPU.Build.0 = Debug|Any CPU
		{4977103B-60FB-4AB8-94EB-BD7A7B570925}.Release|Any CPU.ActiveCfg = Release|Any CPU
		{4977103B-60FB-4AB8-94EB-BD7A7B570925}.Release|Any CPU.Build.0 = Release|Any CPU
		{FA586AD3-8397-4E7F-8EFA-D157978BAA79}.Debug|Any CPU.ActiveCfg = Debug|Any CPU
		{FA586AD3-8397-4E7F-8EFA-D157978BAA79}.Debug|Any CPU.Build.0 = Debug|Any CPU
		{FA586AD3-8397-4E7F-8EFA-D157978BAA79}.Release|Any CPU.ActiveCfg = Release|Any CPU
		{FA586AD3-8397-4E7F-8EFA-D157978BAA79}.Release|Any CPU.Build.0 = Release|Any CPU
		{C2A708B9-CF08-4955-A8A9-780F1CE982AE}.Debug|Any CPU.ActiveCfg = Debug|Any CPU
		{C2A708B9-CF08-4955-A8A9-780F1CE982AE}.Debug|Any CPU.Build.0 = Debug|Any CPU
		{C2A708B9-CF08-4955-A8A9-780F1CE982AE}.Release|Any CPU.ActiveCfg = Release|Any CPU
		{C2A708B9-CF08-4955-A8A9-780F1CE982AE}.Release|Any CPU.Build.0 = Release|Any CPU
		{9102AD35-BE04-48A2-ACE5-10A90EC50F5E}.Debug|Any CPU.ActiveCfg = Debug|Any CPU
		{9102AD35-BE04-48A2-ACE5-10A90EC50F5E}.Debug|Any CPU.Build.0 = Debug|Any CPU
		{9102AD35-BE04-48A2-ACE5-10A90EC50F5E}.Release|Any CPU.ActiveCfg = Release|Any CPU
		{9102AD35-BE04-48A2-ACE5-10A90EC50F5E}.Release|Any CPU.Build.0 = Release|Any CPU
		{0F19086C-3E06-4321-B25D-C8AA765B40B8}.Debug|Any CPU.ActiveCfg = Debug|Any CPU
		{0F19086C-3E06-4321-B25D-C8AA765B40B8}.Debug|Any CPU.Build.0 = Debug|Any CPU
		{0F19086C-3E06-4321-B25D-C8AA765B40B8}.Release|Any CPU.ActiveCfg = Release|Any CPU
		{0F19086C-3E06-4321-B25D-C8AA765B40B8}.Release|Any CPU.Build.0 = Release|Any CPU
		{2B892F22-932C-4E33-9CE9-840E9D2A1D0A}.Debug|Any CPU.ActiveCfg = Debug|Any CPU
		{2B892F22-932C-4E33-9CE9-840E9D2A1D0A}.Debug|Any CPU.Build.0 = Debug|Any CPU
		{2B892F22-932C-4E33-9CE9-840E9D2A1D0A}.Release|Any CPU.ActiveCfg = Release|Any CPU
		{2B892F22-932C-4E33-9CE9-840E9D2A1D0A}.Release|Any CPU.Build.0 = Release|Any CPU
		{943565D0-495B-4899-8633-B1D697EE6436}.Debug|Any CPU.ActiveCfg = Debug|Any CPU
		{943565D0-495B-4899-8633-B1D697EE6436}.Debug|Any CPU.Build.0 = Debug|Any CPU
		{943565D0-495B-4899-8633-B1D697EE6436}.Release|Any CPU.ActiveCfg = Release|Any CPU
		{943565D0-495B-4899-8633-B1D697EE6436}.Release|Any CPU.Build.0 = Release|Any CPU
		{37E994FB-5AC9-4D4E-97A5-14CAAFD5AF10}.Debug|Any CPU.ActiveCfg = Debug|Any CPU
		{37E994FB-5AC9-4D4E-97A5-14CAAFD5AF10}.Debug|Any CPU.Build.0 = Debug|Any CPU
		{37E994FB-5AC9-4D4E-97A5-14CAAFD5AF10}.Release|Any CPU.ActiveCfg = Release|Any CPU
		{37E994FB-5AC9-4D4E-97A5-14CAAFD5AF10}.Release|Any CPU.Build.0 = Release|Any CPU
		{AEC5F70F-7A25-46B0-A034-C606A68BAF6E}.Debug|Any CPU.ActiveCfg = Debug|Any CPU
		{AEC5F70F-7A25-46B0-A034-C606A68BAF6E}.Debug|Any CPU.Build.0 = Debug|Any CPU
		{AEC5F70F-7A25-46B0-A034-C606A68BAF6E}.Release|Any CPU.ActiveCfg = Release|Any CPU
		{AEC5F70F-7A25-46B0-A034-C606A68BAF6E}.Release|Any CPU.Build.0 = Release|Any CPU
		{5B1A491B-3AEB-43D0-8FB7-4C406660041D}.Debug|Any CPU.ActiveCfg = Debug|Any CPU
		{5B1A491B-3AEB-43D0-8FB7-4C406660041D}.Debug|Any CPU.Build.0 = Debug|Any CPU
		{5B1A491B-3AEB-43D0-8FB7-4C406660041D}.Release|Any CPU.ActiveCfg = Release|Any CPU
		{5B1A491B-3AEB-43D0-8FB7-4C406660041D}.Release|Any CPU.Build.0 = Release|Any CPU
		{10B5DE18-323F-43C1-9802-F222DC99941F}.Debug|Any CPU.ActiveCfg = Debug|Any CPU
		{10B5DE18-323F-43C1-9802-F222DC99941F}.Debug|Any CPU.Build.0 = Debug|Any CPU
		{10B5DE18-323F-43C1-9802-F222DC99941F}.Release|Any CPU.ActiveCfg = Release|Any CPU
		{10B5DE18-323F-43C1-9802-F222DC99941F}.Release|Any CPU.Build.0 = Release|Any CPU
		{4B9F6070-AFCF-4DB9-AEEE-ADA5A9AA57E2}.Debug|Any CPU.ActiveCfg = Debug|Any CPU
		{4B9F6070-AFCF-4DB9-AEEE-ADA5A9AA57E2}.Debug|Any CPU.Build.0 = Debug|Any CPU
		{4B9F6070-AFCF-4DB9-AEEE-ADA5A9AA57E2}.Release|Any CPU.ActiveCfg = Release|Any CPU
		{4B9F6070-AFCF-4DB9-AEEE-ADA5A9AA57E2}.Release|Any CPU.Build.0 = Release|Any CPU
		{9A2F4369-A0C9-4DDE-B158-46642B148051}.Debug|Any CPU.ActiveCfg = Debug|Any CPU
		{9A2F4369-A0C9-4DDE-B158-46642B148051}.Debug|Any CPU.Build.0 = Debug|Any CPU
		{9A2F4369-A0C9-4DDE-B158-46642B148051}.Release|Any CPU.ActiveCfg = Release|Any CPU
		{9A2F4369-A0C9-4DDE-B158-46642B148051}.Release|Any CPU.Build.0 = Release|Any CPU
		{723AE8C0-8443-49FD-BCF5-849A4553F433}.Debug|Any CPU.ActiveCfg = Debug|Any CPU
		{723AE8C0-8443-49FD-BCF5-849A4553F433}.Debug|Any CPU.Build.0 = Debug|Any CPU
		{723AE8C0-8443-49FD-BCF5-849A4553F433}.Release|Any CPU.ActiveCfg = Release|Any CPU
		{723AE8C0-8443-49FD-BCF5-849A4553F433}.Release|Any CPU.Build.0 = Release|Any CPU
		{EFDEF640-05A0-49EF-A925-9E907AB2AF67}.Debug|Any CPU.ActiveCfg = Debug|Any CPU
		{EFDEF640-05A0-49EF-A925-9E907AB2AF67}.Debug|Any CPU.Build.0 = Debug|Any CPU
		{EFDEF640-05A0-49EF-A925-9E907AB2AF67}.Release|Any CPU.ActiveCfg = Release|Any CPU
		{EFDEF640-05A0-49EF-A925-9E907AB2AF67}.Release|Any CPU.Build.0 = Release|Any CPU
		{67FD8205-8D5E-4A21-BFB8-ACC3FD309D2F}.Debug|Any CPU.ActiveCfg = Debug|Any CPU
		{67FD8205-8D5E-4A21-BFB8-ACC3FD309D2F}.Debug|Any CPU.Build.0 = Debug|Any CPU
		{67FD8205-8D5E-4A21-BFB8-ACC3FD309D2F}.Release|Any CPU.ActiveCfg = Release|Any CPU
		{67FD8205-8D5E-4A21-BFB8-ACC3FD309D2F}.Release|Any CPU.Build.0 = Release|Any CPU
		{3EDD6415-39D6-43B4-957E-85D0438EFDD8}.Debug|Any CPU.ActiveCfg = Debug|Any CPU
		{3EDD6415-39D6-43B4-957E-85D0438EFDD8}.Debug|Any CPU.Build.0 = Debug|Any CPU
		{3EDD6415-39D6-43B4-957E-85D0438EFDD8}.Release|Any CPU.ActiveCfg = Release|Any CPU
		{3EDD6415-39D6-43B4-957E-85D0438EFDD8}.Release|Any CPU.Build.0 = Release|Any CPU
	EndGlobalSection
	GlobalSection(SolutionProperties) = preSolution
		HideSolutionNode = FALSE
	EndGlobalSection
EndGlobal
